{
    "_readme": [
        "This file locks the dependencies of your project to a known state",
        "Read more about it at https://getcomposer.org/doc/01-basic-usage.md#installing-dependencies",
        "This file is @generated automatically"
    ],
    "content-hash": "5f8c2ac8306f358736f9d562d463befd",
    "packages": [
        {
            "name": "kanata-php/socket-conveyor",
            "version": "1.1.6",
            "source": {
                "type": "git",
                "url": "https://github.com/kanata-php/socket-conveyor.git",
                "reference": "3918db1a49f8531c93c5491a387ffa9f9c78f300"
            },
            "dist": {
                "type": "zip",
                "url": "https://api.github.com/repos/kanata-php/socket-conveyor/zipball/3918db1a49f8531c93c5491a387ffa9f9c78f300",
                "reference": "3918db1a49f8531c93c5491a387ffa9f9c78f300",
                "shasum": ""
            },
            "require": {
                "league/pipeline": "^1.0",
                "php": "^8.0"
            },
            "require-dev": {
                "codedungeon/phpunit-result-printer": "^0.30.0",
                "mockery/mockery": "^1.4",
                "phpunit/phpunit": "^9.2",
                "symfony/var-dumper": "^6.1"
            },
            "bin": [
                "start-ws-server"
            ],
            "type": "library",
            "autoload": {
                "psr-4": {
                    "Tests\\": "tests",
                    "Conveyor\\": "src/"
                }
            },
            "notification-url": "https://packagist.org/downloads/",
            "license": [
                "MIT"
            ],
            "description": "A WebSocket/Socket message Router",
            "support": {
                "issues": "https://github.com/kanata-php/socket-conveyor/issues",
                "source": "https://github.com/kanata-php/socket-conveyor/tree/1.1.6"
            },
            "funding": [
                {
                    "url": "https://github.com/kanata-php",
                    "type": "github"
                }
            ],
            "time": "2022-08-28T04:39:40+00:00"
        },
        {
            "name": "league/pipeline",
            "version": "1.0.0",
            "source": {
                "type": "git",
                "url": "https://github.com/thephpleague/pipeline.git",
                "reference": "aa14b0e3133121f8be39e9a3b6ddd011fc5bb9a8"
            },
            "dist": {
                "type": "zip",
                "url": "https://api.github.com/repos/thephpleague/pipeline/zipball/aa14b0e3133121f8be39e9a3b6ddd011fc5bb9a8",
                "reference": "aa14b0e3133121f8be39e9a3b6ddd011fc5bb9a8",
                "shasum": ""
            },
            "require": {
                "php": ">=7.1"
            },
            "require-dev": {
                "leanphp/phpspec-code-coverage": "^4.2",
                "phpspec/phpspec": "^4.3"
            },
            "type": "library",
            "autoload": {
                "psr-4": {
                    "League\\Pipeline\\": "src"
                }
            },
            "notification-url": "https://packagist.org/downloads/",
            "license": [
                "MIT"
            ],
            "authors": [
                {
                    "name": "Frank de Jonge",
                    "email": "info@frenky.net",
                    "role": "Author"
                },
                {
                    "name": "Woody Gilk",
                    "email": "woody.gilk@gmail.com",
                    "role": "Maintainer"
                }
            ],
            "description": "A plug and play pipeline implementation.",
            "keywords": [
                "composition",
                "design pattern",
                "pattern",
                "pipeline",
                "sequential"
            ],
            "support": {
                "issues": "https://github.com/thephpleague/pipeline/issues",
                "source": "https://github.com/thephpleague/pipeline/tree/master"
            },
            "time": "2018-06-05T21:06:51+00:00"
        },
        {
            "name": "league/plates",
            "version": "v3.4.0",
            "source": {
                "type": "git",
                "url": "https://github.com/thephpleague/plates.git",
                "reference": "6d3ee31199b536a4e003b34a356ca20f6f75496a"
            },
            "dist": {
                "type": "zip",
                "url": "https://api.github.com/repos/thephpleague/plates/zipball/6d3ee31199b536a4e003b34a356ca20f6f75496a",
                "reference": "6d3ee31199b536a4e003b34a356ca20f6f75496a",
                "shasum": ""
            },
            "require": {
                "php": "^7.0|^8.0"
            },
            "require-dev": {
                "mikey179/vfsstream": "^1.6",
                "phpunit/phpunit": "^9.5",
                "squizlabs/php_codesniffer": "^3.5"
            },
            "type": "library",
            "extra": {
                "branch-alias": {
                    "dev-master": "3.0-dev"
                }
            },
            "autoload": {
                "psr-4": {
                    "League\\Plates\\": "src"
                }
            },
            "notification-url": "https://packagist.org/downloads/",
            "license": [
                "MIT"
            ],
            "authors": [
                {
                    "name": "Jonathan Reinink",
                    "email": "jonathan@reinink.ca",
                    "role": "Developer"
                },
                {
                    "name": "RJ Garcia",
                    "email": "ragboyjr@icloud.com",
                    "role": "Developer"
                }
            ],
            "description": "Plates, the native PHP template system that's fast, easy to use and easy to extend.",
            "homepage": "https://platesphp.com",
            "keywords": [
                "league",
                "package",
                "templates",
                "templating",
                "views"
            ],
            "support": {
                "issues": "https://github.com/thephpleague/plates/issues",
                "source": "https://github.com/thephpleague/plates/tree/v3.4.0"
            },
            "time": "2020-12-25T05:00:37+00:00"
        }
    ],
    "packages-dev": [],
    "aliases": [],
    "minimum-stability": "stable",
    "stability-flags": [],
    "prefer-stable": false,
    "prefer-lowest": false,
    "platform": [],
    "platform-dev": [],
    "plugin-api-version": "2.3.0"
}
